
Microsoft Visual Studio Solution File, Format Version 12.00
# Visual Studio Version 16
VisualStudioVersion = 16.0.29709.97
MinimumVisualStudioVersion = 10.0.40219.1
Project("{FAE04EC0-301F-11D3-BF4B-00C04F79EFBC}") = "Ticket", "Ticket\Ticket.csproj", "{A9CBCB85-0EA0-4FD3-BA77-14B75662DD1E}"
EndProject
Global
	GlobalSection(SolutionConfigurationPlatforms) = preSolution
		Debug|Any CPU = Debug|Any CPU
		Release|Any CPU = Release|Any CPU
	EndGlobalSection
	GlobalSection(ProjectConfigurationPlatforms) = postSolution
		{A9CBCB85-0EA0-4FD3-BA77-14B75662DD1E}.Debug|Any CPU.ActiveCfg = Debug|Any CPU
		{A9CBCB85-0EA0-4FD3-BA77-14B75662DD1E}.Debug|Any CPU.Build.0 = Debug|Any CPU
		{A9CBCB85-0EA0-4FD3-BA77-14B75662DD1E}.Release|Any CPU.ActiveCfg = Release|Any CPU
		{A9CBCB85-0EA0-4FD3-BA77-14B75662DD1E}.Release|Any CPU.Build.0 = Release|Any CPU
	EndGlobalSection
	GlobalSection(SolutionProperties) = preSolution
		HideSolutionNode = FALSE
	EndGlobalSection
	GlobalSection(ExtensibilityGlobals) = postSolution
		SolutionGuid = {CF27E9CA-F108-48D7-BA57-8C7C2EE919FE}
	EndGlobalSection
EndGlobal
